
Microsoft Visual Studio Solution File, Format Version 12.00
# Visual Studio Version 17
VisualStudioVersion = 17.0.31717.71
MinimumVisualStudioVersion = 15.0.26124.0
Project("{2150E333-8FDC-42A3-9474-1A3956D46DE8}") = "Solution Items", "Solution Items", "{29C81B48-7ADA-4C89-B454-45B623039C09}"
	ProjectSection(SolutionItems) = preProject
		..\.editorconfig = ..\.editorconfig
	EndProjectSection
EndProject
Project("{9A19103F-16F7-4668-BE54-9A1E7A4F7556}") = "Cff.Extensions.AspNetCore", "Cff.Extensions.AspNetCore\Cff.Extensions.AspNetCore.csproj", "{2A35B6A8-C3C7-41F6-A9C6-9973547E68C8}"
EndProject
Project("{9A19103F-16F7-4668-BE54-9A1E7A4F7556}") = "Cff.Extensions.FluentValidation", "Cff.Extensions.FluentValidation\Cff.Extensions.FluentValidation.csproj", "{DE40D4A7-039F-4A51-B40B-4F35D851770E}"
EndProject
Project("{9A19103F-16F7-4668-BE54-9A1E7A4F7556}") = "Cff.Extensions.AspNetCore.Tests", "Cff.Extensions.AspNetCore.Tests\Cff.Extensions.AspNetCore.Tests.csproj", "{299CF3B8-054D-4E54-94CB-C57FCB735CD1}"
EndProject
Project("{9A19103F-16F7-4668-BE54-9A1E7A4F7556}") = "Cff.Extensions.AspNetCore.TestServer", "Cff.Extensions.AspNetCore.TestServer\Cff.Extensions.AspNetCore.TestServer.csproj", "{C40CA1DD-3CDD-43D4-8059-A8E18D23D494}"
EndProject
Global
	GlobalSection(SolutionConfigurationPlatforms) = preSolution
		Debug|Any CPU = Debug|Any CPU
		Release|Any CPU = Release|Any CPU
	EndGlobalSection
	GlobalSection(ProjectConfigurationPlatforms) = postSolution
		{2A35B6A8-C3C7-41F6-A9C6-9973547E68C8}.Debug|Any CPU.ActiveCfg = Debug|Any CPU
		{2A35B6A8-C3C7-41F6-A9C6-9973547E68C8}.Debug|Any CPU.Build.0 = Debug|Any CPU
		{2A35B6A8-C3C7-41F6-A9C6-9973547E68C8}.Release|Any CPU.ActiveCfg = Release|Any CPU
		{2A35B6A8-C3C7-41F6-A9C6-9973547E68C8}.Release|Any CPU.Build.0 = Release|Any CPU
		{DE40D4A7-039F-4A51-B40B-4F35D851770E}.Debug|Any CPU.ActiveCfg = Debug|Any CPU
		{DE40D4A7-039F-4A51-B40B-4F35D851770E}.Debug|Any CPU.Build.0 = Debug|Any CPU
		{DE40D4A7-039F-4A51-B40B-4F35D851770E}.Release|Any CPU.ActiveCfg = Release|Any CPU
		{DE40D4A7-039F-4A51-B40B-4F35D851770E}.Release|Any CPU.Build.0 = Release|Any CPU
		{299CF3B8-054D-4E54-94CB-C57FCB735CD1}.Debug|Any CPU.ActiveCfg = Debug|Any CPU
		{299CF3B8-054D-4E54-94CB-C57FCB735CD1}.Debug|Any CPU.Build.0 = Debug|Any CPU
		{299CF3B8-054D-4E54-94CB-C57FCB735CD1}.Release|Any CPU.ActiveCfg = Release|Any CPU
		{299CF3B8-054D-4E54-94CB-C57FCB735CD1}.Release|Any CPU.Build.0 = Release|Any CPU
		{C40CA1DD-3CDD-43D4-8059-A8E18D23D494}.Debug|Any CPU.ActiveCfg = Debug|Any CPU
		{C40CA1DD-3CDD-43D4-8059-A8E18D23D494}.Debug|Any CPU.Build.0 = Debug|Any CPU
		{C40CA1DD-3CDD-43D4-8059-A8E18D23D494}.Release|Any CPU.ActiveCfg = Release|Any CPU
		{C40CA1DD-3CDD-43D4-8059-A8E18D23D494}.Release|Any CPU.Build.0 = Release|Any CPU
	EndGlobalSection
	GlobalSection(SolutionProperties) = preSolution
		HideSolutionNode = FALSE
	EndGlobalSection
	GlobalSection(ExtensibilityGlobals) = postSolution
		SolutionGuid = {EBF86A4A-E639-4F62-AAEE-EAD045707B45}
	EndGlobalSection
EndGlobal
